
Microsoft Visual Studio Solution File, Format Version 12.00
# Visual Studio 15
VisualStudioVersion = 15.0.26430.16
MinimumVisualStudioVersion = 10.0.40219.1
Project("{FAE04EC0-301F-11D3-BF4B-00C04F79EFBC}") = "Checkout.ShoppingList.Service", "Checkout.ShoppingList.Service\Checkout.ShoppingList.Service.csproj", "{C11EBD5C-5795-429F-8726-2F6A329184FE}"
EndProject
Project("{2150E333-8FDC-42A3-9474-1A3956D46DE8}") = "src", "src", "{801CBCC2-3210-4CC1-8F45-8238A7156D2D}"
EndProject
Project("{2150E333-8FDC-42A3-9474-1A3956D46DE8}") = "tests", "tests", "{4C5B892B-7792-4D26-8B87-B2899F72E424}"
EndProject
Project("{FAE04EC0-301F-11D3-BF4B-00C04F79EFBC}") = "Checkout.ShoppingList.Data", "Checkout.ShoppingList.Data\Checkout.ShoppingList.Data.csproj", "{E24A4D3B-4BA1-4DCD-A315-E947FF368B82}"
EndProject
Project("{FAE04EC0-301F-11D3-BF4B-00C04F79EFBC}") = "Checkout.ShoppingList.Service.Tests", "Checkout.ShoppingList.Service.Tests\Checkout.ShoppingList.Service.Tests.csproj", "{9C55AC19-B465-4997-8BC2-9CC4581CC336}"
EndProject
Global
	GlobalSection(SolutionConfigurationPlatforms) = preSolution
		Debug|Any CPU = Debug|Any CPU
		Release|Any CPU = Release|Any CPU
	EndGlobalSection
	GlobalSection(ProjectConfigurationPlatforms) = postSolution
		{C11EBD5C-5795-429F-8726-2F6A329184FE}.Debug|Any CPU.ActiveCfg = Debug|Any CPU
		{C11EBD5C-5795-429F-8726-2F6A329184FE}.Debug|Any CPU.Build.0 = Debug|Any CPU
		{C11EBD5C-5795-429F-8726-2F6A329184FE}.Release|Any CPU.ActiveCfg = Release|Any CPU
		{C11EBD5C-5795-429F-8726-2F6A329184FE}.Release|Any CPU.Build.0 = Release|Any CPU
		{E24A4D3B-4BA1-4DCD-A315-E947FF368B82}.Debug|Any CPU.ActiveCfg = Debug|Any CPU
		{E24A4D3B-4BA1-4DCD-A315-E947FF368B82}.Debug|Any CPU.Build.0 = Debug|Any CPU
		{E24A4D3B-4BA1-4DCD-A315-E947FF368B82}.Release|Any CPU.ActiveCfg = Release|Any CPU
		{E24A4D3B-4BA1-4DCD-A315-E947FF368B82}.Release|Any CPU.Build.0 = Release|Any CPU
		{9C55AC19-B465-4997-8BC2-9CC4581CC336}.Debug|Any CPU.ActiveCfg = Debug|Any CPU
		{9C55AC19-B465-4997-8BC2-9CC4581CC336}.Debug|Any CPU.Build.0 = Debug|Any CPU
		{9C55AC19-B465-4997-8BC2-9CC4581CC336}.Release|Any CPU.ActiveCfg = Release|Any CPU
		{9C55AC19-B465-4997-8BC2-9CC4581CC336}.Release|Any CPU.Build.0 = Release|Any CPU
	EndGlobalSection
	GlobalSection(SolutionProperties) = preSolution
		HideSolutionNode = FALSE
	EndGlobalSection
	GlobalSection(NestedProjects) = preSolution
		{C11EBD5C-5795-429F-8726-2F6A329184FE} = {801CBCC2-3210-4CC1-8F45-8238A7156D2D}
		{E24A4D3B-4BA1-4DCD-A315-E947FF368B82} = {801CBCC2-3210-4CC1-8F45-8238A7156D2D}
		{9C55AC19-B465-4997-8BC2-9CC4581CC336} = {4C5B892B-7792-4D26-8B87-B2899F72E424}
	EndGlobalSection
EndGlobal
